
Microsoft Visual Studio Solution File, Format Version 12.00
# Visual Studio Version 16
VisualStudioVersion = 16.0.32106.194
MinimumVisualStudioVersion = 10.0.40219.1
Project("{9A19103F-16F7-4668-BE54-9A1E7A4F7556}") = "MyBlazorApp", "MyBlazorApp\MyBlazorApp.csproj", "{3ED54F5B-7A51-44E6-B87E-792915C92195}"
EndProject
Project("{9A19103F-16F7-4668-BE54-9A1E7A4F7556}") = "MyBlazorApp.CoreBusiness", "MyBlazorApp.CoreBusiness\MyBlazorApp.CoreBusiness.csproj", "{D97AE6E0-C149-4C06-8778-53DB2BA3A45F}"
EndProject
Project("{9A19103F-16F7-4668-BE54-9A1E7A4F7556}") = "MyBlazorApp.UseCases", "MyBlazorApp.UseCases\MyBlazorApp.UseCases.csproj", "{C699EDE8-90EE-4F3A-8662-50655380C6FE}"
EndProject
Project("{9A19103F-16F7-4668-BE54-9A1E7A4F7556}") = "MyBlazorApp.MockDataStore", "MyBlazorApp.MockDataStore\MyBlazorApp.MockDataStore.csproj", "{95756563-D269-4FA8-9785-F28C8839C141}"
EndProject
Global
	GlobalSection(SolutionConfigurationPlatforms) = preSolution
		Debug|Any CPU = Debug|Any CPU
		Release|Any CPU = Release|Any CPU
	EndGlobalSection
	GlobalSection(ProjectConfigurationPlatforms) = postSolution
		{3ED54F5B-7A51-44E6-B87E-792915C92195}.Debug|Any CPU.ActiveCfg = Debug|Any CPU
		{3ED54F5B-7A51-44E6-B87E-792915C92195}.Debug|Any CPU.Build.0 = Debug|Any CPU
		{3ED54F5B-7A51-44E6-B87E-792915C92195}.Release|Any CPU.ActiveCfg = Release|Any CPU
		{3ED54F5B-7A51-44E6-B87E-792915C92195}.Release|Any CPU.Build.0 = Release|Any CPU
		{D97AE6E0-C149-4C06-8778-53DB2BA3A45F}.Debug|Any CPU.ActiveCfg = Debug|Any CPU
		{D97AE6E0-C149-4C06-8778-53DB2BA3A45F}.Debug|Any CPU.Build.0 = Debug|Any CPU
		{D97AE6E0-C149-4C06-8778-53DB2BA3A45F}.Release|Any CPU.ActiveCfg = Release|Any CPU
		{D97AE6E0-C149-4C06-8778-53DB2BA3A45F}.Release|Any CPU.Build.0 = Release|Any CPU
		{C699EDE8-90EE-4F3A-8662-50655380C6FE}.Debug|Any CPU.ActiveCfg = Debug|Any CPU
		{C699EDE8-90EE-4F3A-8662-50655380C6FE}.Debug|Any CPU.Build.0 = Debug|Any CPU
		{C699EDE8-90EE-4F3A-8662-50655380C6FE}.Release|Any CPU.ActiveCfg = Release|Any CPU
		{C699EDE8-90EE-4F3A-8662-50655380C6FE}.Release|Any CPU.Build.0 = Release|Any CPU
		{95756563-D269-4FA8-9785-F28C8839C141}.Debug|Any CPU.ActiveCfg = Debug|Any CPU
		{95756563-D269-4FA8-9785-F28C8839C141}.Debug|Any CPU.Build.0 = Debug|Any CPU
		{95756563-D269-4FA8-9785-F28C8839C141}.Release|Any CPU.ActiveCfg = Release|Any CPU
		{95756563-D269-4FA8-9785-F28C8839C141}.Release|Any CPU.Build.0 = Release|Any CPU
	EndGlobalSection
	GlobalSection(SolutionProperties) = preSolution
		HideSolutionNode = FALSE
	EndGlobalSection
	GlobalSection(ExtensibilityGlobals) = postSolution
		SolutionGuid = {57380341-2C81-447B-ADE0-7345739D5371}
	EndGlobalSection
EndGlobal
